
Microsoft Visual Studio Solution File, Format Version 12.00
# Visual Studio Version 16
VisualStudioVersion = 16.0.29613.14
MinimumVisualStudioVersion = 10.0.40219.1
Project("{FAE04EC0-301F-11D3-BF4B-00C04F79EFBC}") = "Learn_MVC_Web", "Learn_MVC_Web\Learn_MVC_Web.csproj", "{6D0F10DF-4F0E-459E-AB1E-6A0502E7FF48}"
EndProject
Global
	GlobalSection(SolutionConfigurationPlatforms) = preSolution
		Debug|Any CPU = Debug|Any CPU
		Release|Any CPU = Release|Any CPU
	EndGlobalSection
	GlobalSection(ProjectConfigurationPlatforms) = postSolution
		{6D0F10DF-4F0E-459E-AB1E-6A0502E7FF48}.Debug|Any CPU.ActiveCfg = Debug|Any CPU
		{6D0F10DF-4F0E-459E-AB1E-6A0502E7FF48}.Debug|Any CPU.Build.0 = Debug|Any CPU
		{6D0F10DF-4F0E-459E-AB1E-6A0502E7FF48}.Release|Any CPU.ActiveCfg = Release|Any CPU
		{6D0F10DF-4F0E-459E-AB1E-6A0502E7FF48}.Release|Any CPU.Build.0 = Release|Any CPU
	EndGlobalSection
	GlobalSection(SolutionProperties) = preSolution
		HideSolutionNode = FALSE
	EndGlobalSection
	GlobalSection(ExtensibilityGlobals) = postSolution
		SolutionGuid = {38C863C5-5517-4D0D-AA58-DAE37A43878B}
	EndGlobalSection
EndGlobal
