
Microsoft Visual Studio Solution File, Format Version 12.00
# Visual Studio Version 16
VisualStudioVersion = 16.0.30320.27
MinimumVisualStudioVersion = 10.0.40219.1
Project("{FAE04EC0-301F-11D3-BF4B-00C04F79EFBC}") = "Adf", "Adf\Adf.csproj", "{0188FA74-E111-4874-8395-C284764C809A}"
EndProject
Global
	GlobalSection(SolutionConfigurationPlatforms) = preSolution
		Debug|Any CPU = Debug|Any CPU
		Release|Any CPU = Release|Any CPU
	EndGlobalSection
	GlobalSection(ProjectConfigurationPlatforms) = postSolution
		{0188FA74-E111-4874-8395-C284764C809A}.Debug|Any CPU.ActiveCfg = Debug|Any CPU
		{0188FA74-E111-4874-8395-C284764C809A}.Debug|Any CPU.Build.0 = Debug|Any CPU
		{0188FA74-E111-4874-8395-C284764C809A}.Release|Any CPU.ActiveCfg = Release|Any CPU
		{0188FA74-E111-4874-8395-C284764C809A}.Release|Any CPU.Build.0 = Release|Any CPU
	EndGlobalSection
	GlobalSection(SolutionProperties) = preSolution
		HideSolutionNode = FALSE
	EndGlobalSection
	GlobalSection(ExtensibilityGlobals) = postSolution
		SolutionGuid = {39526D23-BDF3-425D-A09F-1ADEB378DA69}
	EndGlobalSection
EndGlobal
